
Microsoft Visual Studio Solution File, Format Version 12.00
# Visual Studio Version 16
VisualStudioVersion = 16.0.30611.23
MinimumVisualStudioVersion = 10.0.40219.1
Project("{FAE04EC0-301F-11D3-BF4B-00C04F79EFBC}") = "DataAccess", "DataAccess\DataAccess.csproj", "{8A9300AD-52D3-4AA6-8937-3C375C82677A}"
EndProject
Project("{FAE04EC0-301F-11D3-BF4B-00C04F79EFBC}") = "Business", "Business\Business.csproj", "{4AA50679-4F68-47B1-A736-103D0A80B5E2}"
EndProject
Project("{FAE04EC0-301F-11D3-BF4B-00C04F79EFBC}") = "Entities", "Entities\Entities.csproj", "{D60767B7-C9A0-40F1-8A08-DC1578A11900}"
EndProject
Project("{FAE04EC0-301F-11D3-BF4B-00C04F79EFBC}") = "ConsoleUI", "ConsoleUI\ConsoleUI.csproj", "{D3824091-BDE7-48C0-9DFA-7DB35F45E3EB}"
EndProject
Global
	GlobalSection(SolutionConfigurationPlatforms) = preSolution
		Debug|Any CPU = Debug|Any CPU
		Release|Any CPU = Release|Any CPU
	EndGlobalSection
	GlobalSection(ProjectConfigurationPlatforms) = postSolution
		{8A9300AD-52D3-4AA6-8937-3C375C82677A}.Debug|Any CPU.ActiveCfg = Debug|Any CPU
		{8A9300AD-52D3-4AA6-8937-3C375C82677A}.Debug|Any CPU.Build.0 = Debug|Any CPU
		{8A9300AD-52D3-4AA6-8937-3C375C82677A}.Release|Any CPU.ActiveCfg = Release|Any CPU
		{8A9300AD-52D3-4AA6-8937-3C375C82677A}.Release|Any CPU.Build.0 = Release|Any CPU
		{4AA50679-4F68-47B1-A736-103D0A80B5E2}.Debug|Any CPU.ActiveCfg = Debug|Any CPU
		{4AA50679-4F68-47B1-A736-103D0A80B5E2}.Debug|Any CPU.Build.0 = Debug|Any CPU
		{4AA50679-4F68-47B1-A736-103D0A80B5E2}.Release|Any CPU.ActiveCfg = Release|Any CPU
		{4AA50679-4F68-47B1-A736-103D0A80B5E2}.Release|Any CPU.Build.0 = Release|Any CPU
		{D60767B7-C9A0-40F1-8A08-DC1578A11900}.Debug|Any CPU.ActiveCfg = Debug|Any CPU
		{D60767B7-C9A0-40F1-8A08-DC1578A11900}.Debug|Any CPU.Build.0 = Debug|Any CPU
		{D60767B7-C9A0-40F1-8A08-DC1578A11900}.Release|Any CPU.ActiveCfg = Release|Any CPU
		{D60767B7-C9A0-40F1-8A08-DC1578A11900}.Release|Any CPU.Build.0 = Release|Any CPU
		{D3824091-BDE7-48C0-9DFA-7DB35F45E3EB}.Debug|Any CPU.ActiveCfg = Debug|Any CPU
		{D3824091-BDE7-48C0-9DFA-7DB35F45E3EB}.Debug|Any CPU.Build.0 = Debug|Any CPU
		{D3824091-BDE7-48C0-9DFA-7DB35F45E3EB}.Release|Any CPU.ActiveCfg = Release|Any CPU
		{D3824091-BDE7-48C0-9DFA-7DB35F45E3EB}.Release|Any CPU.Build.0 = Release|Any CPU
	EndGlobalSection
	GlobalSection(SolutionProperties) = preSolution
		HideSolutionNode = FALSE
	EndGlobalSection
	GlobalSection(ExtensibilityGlobals) = postSolution
		SolutionGuid = {E07101F8-BFD5-44A9-98E2-14456635CB63}
	EndGlobalSection
EndGlobal
